
Microsoft Visual Studio Solution File, Format Version 12.00
# Visual Studio Version 17
VisualStudioVersion = 17.2.32526.322
MinimumVisualStudioVersion = 10.0.40219.1
Project("{2150E333-8FDC-42A3-9474-1A3956D46DE8}") = "src", "src", "{C4EAEF3D-247A-4A78-9DDF-ED57BC5AF3F0}"
EndProject
Project("{2150E333-8FDC-42A3-9474-1A3956D46DE8}") = "tests", "tests", "{48E83895-F8C1-4C19-B211-C910EB16B054}"
EndProject
Project("{2150E333-8FDC-42A3-9474-1A3956D46DE8}") = "00-DataContracts", "00-DataContracts", "{9240C6B0-26CB-4D38-83FA-BEA19626CD31}"
EndProject
Project("{2150E333-8FDC-42A3-9474-1A3956D46DE8}") = "01-API", "01-API", "{73EE7D4A-6BA1-4F85-B30E-A322A730009E}"
EndProject
Project("{2150E333-8FDC-42A3-9474-1A3956D46DE8}") = "02-Application", "02-Application", "{26027BF6-3558-4043-B6D5-91EAB2E072C3}"
EndProject
Project("{2150E333-8FDC-42A3-9474-1A3956D46DE8}") = "03-Domain", "03-Domain", "{7A299D85-0F1C-46D5-ACB8-9D41301AABC1}"
EndProject
Project("{2150E333-8FDC-42A3-9474-1A3956D46DE8}") = "04-Infrastructure", "04-Infrastructure", "{5E0DA6C0-76EA-4803-AB9A-0D842E3D6646}"
EndProject
Project("{FAE04EC0-301F-11D3-BF4B-00C04F79EFBC}") = "DataProvider.DataContracts", "src\DataProvider.DataContracts\DataProvider.DataContracts.csproj", "{4D89A056-CCD9-4885-92CB-060A487FA34C}"
EndProject
Project("{FAE04EC0-301F-11D3-BF4B-00C04F79EFBC}") = "DataProvider.Application", "src\DataProvider.Application\DataProvider.Application.csproj", "{8C0C4F2A-9BCE-4337-86B1-E5983FB0F379}"
EndProject
Project("{FAE04EC0-301F-11D3-BF4B-00C04F79EFBC}") = "DataProvider.Domain", "src\DataProvider.Domain\DataProvider.Domain.csproj", "{596094B8-B8BF-4F95-9E83-38D7E19E2A10}"
EndProject
Project("{FAE04EC0-301F-11D3-BF4B-00C04F79EFBC}") = "DataProvider.CrossCutting", "src\DataProvider.CrossCutting\DataProvider.CrossCutting.csproj", "{BE27DD79-9730-4F05-8495-611E541711FA}"
EndProject
Project("{FAE04EC0-301F-11D3-BF4B-00C04F79EFBC}") = "DataProvider.Infra.Http", "src\DataProvider.Infra.Http\DataProvider.Infra.Http.csproj", "{FA21FB9C-568B-4E8D-89BB-337C65989B57}"
EndProject
Project("{FAE04EC0-301F-11D3-BF4B-00C04F79EFBC}") = "DataProvider.Persistence.NoSQL", "src\DataProvider.Persistence.NoSQL\DataProvider.Persistence.NoSQL.csproj", "{70DBA8B5-D131-4482-8C07-95101200C097}"
EndProject
Project("{FAE04EC0-301F-11D3-BF4B-00C04F79EFBC}") = "DataProvider.Persistence.SQL", "src\DataProvider.Persistence.SQL\DataProvider.Persistence.SQL.csproj", "{0BE8EA4A-8BC8-4AB8-837C-55442A2E0637}"
EndProject
Project("{FAE04EC0-301F-11D3-BF4B-00C04F79EFBC}") = "DataProvider.WebAPI", "src\DataProvider.WebAPI\DataProvider.WebAPI.csproj", "{91D00C41-04D2-48A8-92F1-A9F94D681475}"
EndProject
Global
	GlobalSection(SolutionConfigurationPlatforms) = preSolution
		Debug|Any CPU = Debug|Any CPU
		Release|Any CPU = Release|Any CPU
	EndGlobalSection
	GlobalSection(ProjectConfigurationPlatforms) = postSolution
		{4D89A056-CCD9-4885-92CB-060A487FA34C}.Debug|Any CPU.ActiveCfg = Debug|Any CPU
		{4D89A056-CCD9-4885-92CB-060A487FA34C}.Debug|Any CPU.Build.0 = Debug|Any CPU
		{4D89A056-CCD9-4885-92CB-060A487FA34C}.Release|Any CPU.ActiveCfg = Release|Any CPU
		{4D89A056-CCD9-4885-92CB-060A487FA34C}.Release|Any CPU.Build.0 = Release|Any CPU
		{8C0C4F2A-9BCE-4337-86B1-E5983FB0F379}.Debug|Any CPU.ActiveCfg = Debug|Any CPU
		{8C0C4F2A-9BCE-4337-86B1-E5983FB0F379}.Debug|Any CPU.Build.0 = Debug|Any CPU
		{8C0C4F2A-9BCE-4337-86B1-E5983FB0F379}.Release|Any CPU.ActiveCfg = Release|Any CPU
		{8C0C4F2A-9BCE-4337-86B1-E5983FB0F379}.Release|Any CPU.Build.0 = Release|Any CPU
		{596094B8-B8BF-4F95-9E83-38D7E19E2A10}.Debug|Any CPU.ActiveCfg = Debug|Any CPU
		{596094B8-B8BF-4F95-9E83-38D7E19E2A10}.Debug|Any CPU.Build.0 = Debug|Any CPU
		{596094B8-B8BF-4F95-9E83-38D7E19E2A10}.Release|Any CPU.ActiveCfg = Release|Any CPU
		{596094B8-B8BF-4F95-9E83-38D7E19E2A10}.Release|Any CPU.Build.0 = Release|Any CPU
		{BE27DD79-9730-4F05-8495-611E541711FA}.Debug|Any CPU.ActiveCfg = Debug|Any CPU
		{BE27DD79-9730-4F05-8495-611E541711FA}.Debug|Any CPU.Build.0 = Debug|Any CPU
		{BE27DD79-9730-4F05-8495-611E541711FA}.Release|Any CPU.ActiveCfg = Release|Any CPU
		{BE27DD79-9730-4F05-8495-611E541711FA}.Release|Any CPU.Build.0 = Release|Any CPU
		{FA21FB9C-568B-4E8D-89BB-337C65989B57}.Debug|Any CPU.ActiveCfg = Debug|Any CPU
		{FA21FB9C-568B-4E8D-89BB-337C65989B57}.Debug|Any CPU.Build.0 = Debug|Any CPU
		{FA21FB9C-568B-4E8D-89BB-337C65989B57}.Release|Any CPU.ActiveCfg = Release|Any CPU
		{FA21FB9C-568B-4E8D-89BB-337C65989B57}.Release|Any CPU.Build.0 = Release|Any CPU
		{70DBA8B5-D131-4482-8C07-95101200C097}.Debug|Any CPU.ActiveCfg = Debug|Any CPU
		{70DBA8B5-D131-4482-8C07-95101200C097}.Debug|Any CPU.Build.0 = Debug|Any CPU
		{70DBA8B5-D131-4482-8C07-95101200C097}.Release|Any CPU.ActiveCfg = Release|Any CPU
		{70DBA8B5-D131-4482-8C07-95101200C097}.Release|Any CPU.Build.0 = Release|Any CPU
		{0BE8EA4A-8BC8-4AB8-837C-55442A2E0637}.Debug|Any CPU.ActiveCfg = Debug|Any CPU
		{0BE8EA4A-8BC8-4AB8-837C-55442A2E0637}.Debug|Any CPU.Build.0 = Debug|Any CPU
		{0BE8EA4A-8BC8-4AB8-837C-55442A2E0637}.Release|Any CPU.ActiveCfg = Release|Any CPU
		{0BE8EA4A-8BC8-4AB8-837C-55442A2E0637}.Release|Any CPU.Build.0 = Release|Any CPU
		{91D00C41-04D2-48A8-92F1-A9F94D681475}.Debug|Any CPU.ActiveCfg = Debug|Any CPU
		{91D00C41-04D2-48A8-92F1-A9F94D681475}.Debug|Any CPU.Build.0 = Debug|Any CPU
		{91D00C41-04D2-48A8-92F1-A9F94D681475}.Release|Any CPU.ActiveCfg = Release|Any CPU
		{91D00C41-04D2-48A8-92F1-A9F94D681475}.Release|Any CPU.Build.0 = Release|Any CPU
	EndGlobalSection
	GlobalSection(SolutionProperties) = preSolution
		HideSolutionNode = FALSE
	EndGlobalSection
	GlobalSection(NestedProjects) = preSolution
		{9240C6B0-26CB-4D38-83FA-BEA19626CD31} = {C4EAEF3D-247A-4A78-9DDF-ED57BC5AF3F0}
		{73EE7D4A-6BA1-4F85-B30E-A322A730009E} = {C4EAEF3D-247A-4A78-9DDF-ED57BC5AF3F0}
		{26027BF6-3558-4043-B6D5-91EAB2E072C3} = {C4EAEF3D-247A-4A78-9DDF-ED57BC5AF3F0}
		{7A299D85-0F1C-46D5-ACB8-9D41301AABC1} = {C4EAEF3D-247A-4A78-9DDF-ED57BC5AF3F0}
		{5E0DA6C0-76EA-4803-AB9A-0D842E3D6646} = {C4EAEF3D-247A-4A78-9DDF-ED57BC5AF3F0}
		{4D89A056-CCD9-4885-92CB-060A487FA34C} = {9240C6B0-26CB-4D38-83FA-BEA19626CD31}
		{8C0C4F2A-9BCE-4337-86B1-E5983FB0F379} = {26027BF6-3558-4043-B6D5-91EAB2E072C3}
		{596094B8-B8BF-4F95-9E83-38D7E19E2A10} = {7A299D85-0F1C-46D5-ACB8-9D41301AABC1}
		{BE27DD79-9730-4F05-8495-611E541711FA} = {5E0DA6C0-76EA-4803-AB9A-0D842E3D6646}
		{FA21FB9C-568B-4E8D-89BB-337C65989B57} = {5E0DA6C0-76EA-4803-AB9A-0D842E3D6646}
		{70DBA8B5-D131-4482-8C07-95101200C097} = {5E0DA6C0-76EA-4803-AB9A-0D842E3D6646}
		{0BE8EA4A-8BC8-4AB8-837C-55442A2E0637} = {5E0DA6C0-76EA-4803-AB9A-0D842E3D6646}
		{91D00C41-04D2-48A8-92F1-A9F94D681475} = {73EE7D4A-6BA1-4F85-B30E-A322A730009E}
	EndGlobalSection
	GlobalSection(ExtensibilityGlobals) = postSolution
		SolutionGuid = {563F8C5D-010E-415C-8B66-67711DF70BD8}
	EndGlobalSection
EndGlobal
